
Microsoft Visual Studio Solution File, Format Version 12.00
# Visual Studio Version 16
VisualStudioVersion = 16.0.30204.135
MinimumVisualStudioVersion = 10.0.40219.1
Project("{FAE04EC0-301F-11D3-BF4B-00C04F79EFBC}") = "ProgrammingAssignment1", "ProgrammingAssignment1\ProgrammingAssignment1.csproj", "{86931C39-FC4B-4FC2-92F2-BC426506288F}"
EndProject
Global
	GlobalSection(SolutionConfigurationPlatforms) = preSolution
		Debug|Any CPU = Debug|Any CPU
		Release|Any CPU = Release|Any CPU
	EndGlobalSection
	GlobalSection(ProjectConfigurationPlatforms) = postSolution
		{86931C39-FC4B-4FC2-92F2-BC426506288F}.Debug|Any CPU.ActiveCfg = Debug|Any CPU
		{86931C39-FC4B-4FC2-92F2-BC426506288F}.Debug|Any CPU.Build.0 = Debug|Any CPU
		{86931C39-FC4B-4FC2-92F2-BC426506288F}.Release|Any CPU.ActiveCfg = Release|Any CPU
		{86931C39-FC4B-4FC2-92F2-BC426506288F}.Release|Any CPU.Build.0 = Release|Any CPU
	EndGlobalSection
	GlobalSection(SolutionProperties) = preSolution
		HideSolutionNode = FALSE
	EndGlobalSection
	GlobalSection(ExtensibilityGlobals) = postSolution
		SolutionGuid = {193DD0D5-6541-4D82-837B-6FD346FD9FDC}
	EndGlobalSection
EndGlobal
